
Microsoft Visual Studio Solution File, Format Version 12.00
# Visual Studio 2017
Project("{FAE04EC0-301F-11D3-BF4B-00C04F79EFBC}") = "autopeli2 electric boogaloo.Plugins", "autopeli2 electric boogaloo.Plugins.csproj", "{24A704E4-6449-42F6-C8A7-F42749D49D0A}"
EndProject
Project("{FAE04EC0-301F-11D3-BF4B-00C04F79EFBC}") = "autopeli2 electric boogaloo", "autopeli2 electric boogaloo.csproj", "{B8E6D95B-CECD-E3B1-23A8-7AD1136D88E4}"
EndProject
Global
	GlobalSection(SolutionConfigurationPlatforms) = preSolution
		Debug|Any CPU = Debug|Any CPU
		Release|Any CPU = Release|Any CPU
	EndGlobalSection
	GlobalSection(ProjectConfigurationPlatforms) = postSolution
		{24A704E4-6449-42F6-C8A7-F42749D49D0A}.Debug|Any CPU.ActiveCfg = Debug|Any CPU
		{24A704E4-6449-42F6-C8A7-F42749D49D0A}.Debug|Any CPU.Build.0 = Debug|Any CPU
		{24A704E4-6449-42F6-C8A7-F42749D49D0A}.Release|Any CPU.ActiveCfg = Release|Any CPU
		{24A704E4-6449-42F6-C8A7-F42749D49D0A}.Release|Any CPU.Build.0 = Release|Any CPU
		{B8E6D95B-CECD-E3B1-23A8-7AD1136D88E4}.Debug|Any CPU.ActiveCfg = Debug|Any CPU
		{B8E6D95B-CECD-E3B1-23A8-7AD1136D88E4}.Debug|Any CPU.Build.0 = Debug|Any CPU
		{B8E6D95B-CECD-E3B1-23A8-7AD1136D88E4}.Release|Any CPU.ActiveCfg = Release|Any CPU
		{B8E6D95B-CECD-E3B1-23A8-7AD1136D88E4}.Release|Any CPU.Build.0 = Release|Any CPU
	EndGlobalSection
	GlobalSection(SolutionProperties) = preSolution
		HideSolutionNode = FALSE
	EndGlobalSection
EndGlobal
